// !$*UTF8*$!
{
	archiveVersion = 1;
	classes = {
	};
	objectVersion = 55;
	objects = {

/* Begin PBXBuildFile section */
		4F057D64288AEC8F00C1A6E9 /* Router.swift in Sources */ = {isa = PBXBuildFile; fileRef = 4F057D63288AEC8F00C1A6E9 /* Router.swift */; };
		4F057D66288AECA400C1A6E9 /* Results.swift in Sources */ = {isa = PBXBuildFile; fileRef = 4F057D65288AECA400C1A6E9 /* Results.swift */; };
		4F057D68288AECF800C1A6E9 /* GameTests.swift in Sources */ = {isa = PBXBuildFile; fileRef = 4F057D67288AECF800C1A6E9 /* GameTests.swift */; };
		4F057D6A288AEDD200C1A6E9 /* Game.swift in Sources */ = {isa = PBXBuildFile; fileRef = 4F057D69288AEDD200C1A6E9 /* Game.swift */; };
		4F057D6C288AEF0F00C1A6E9 /* RouterSpy.swift in Sources */ = {isa = PBXBuildFile; fileRef = 4F057D6B288AEF0F00C1A6E9 /* RouterSpy.swift */; };
		4F305B12288329E100052A33 /* QuizEngine.framework in Frameworks */ = {isa = PBXBuildFile; fileRef = 4F305B09288329E100052A33 /* QuizEngine.framework */; };
		4F305B2228832A4900052A33 /* FlowTests.swift in Sources */ = {isa = PBXBuildFile; fileRef = 4F305B2128832A4900052A33 /* FlowTests.swift */; };
		4F305B2428832B4B00052A33 /* Flow.swift in Sources */ = {isa = PBXBuildFile; fileRef = 4F305B2328832B4B00052A33 /* Flow.swift */; };
		4F320E6428ACEEE300C37569 /* QuestionTests.swift in Sources */ = {isa = PBXBuildFile; fileRef = 4F320E6328ACEEE300C37569 /* QuestionTests.swift */; };
		4F436C79288C460700BCA67D /* QuizEngine.framework in Frameworks */ = {isa = PBXBuildFile; fileRef = 4F436C71288C460700BCA67D /* QuizEngine.framework */; };
		4F436C87288C473600BCA67D /* FlowTests.swift in Sources */ = {isa = PBXBuildFile; fileRef = 4F305B2128832A4900052A33 /* FlowTests.swift */; };
		4F436C88288C473600BCA67D /* RouterSpy.swift in Sources */ = {isa = PBXBuildFile; fileRef = 4F057D6B288AEF0F00C1A6E9 /* RouterSpy.swift */; };
		4F436C8D288C474500BCA67D /* Flow.swift in Sources */ = {isa = PBXBuildFile; fileRef = 4F305B2328832B4B00052A33 /* Flow.swift */; };
		4F436C8E288C474500BCA67D /* Game.swift in Sources */ = {isa = PBXBuildFile; fileRef = 4F057D69288AEDD200C1A6E9 /* Game.swift */; };
		4F436C8F288C474500BCA67D /* Results.swift in Sources */ = {isa = PBXBuildFile; fileRef = 4F057D65288AECA400C1A6E9 /* Results.swift */; };
		4F436C90288C474500BCA67D /* Router.swift in Sources */ = {isa = PBXBuildFile; fileRef = 4F057D63288AEC8F00C1A6E9 /* Router.swift */; };
		4F436C92288C47B200BCA67D /* GameTests.swift in Sources */ = {isa = PBXBuildFile; fileRef = 4F057D67288AECF800C1A6E9 /* GameTests.swift */; };
		4F7B59C328ACEF8F00968B45 /* Question.swift in Sources */ = {isa = PBXBuildFile; fileRef = 4F7B59C228ACEF8F00968B45 /* Question.swift */; };
		4F7B59C428ACEFCE00968B45 /* Question.swift in Sources */ = {isa = PBXBuildFile; fileRef = 4F7B59C228ACEF8F00968B45 /* Question.swift */; };
/* End PBXBuildFile section */

/* Begin PBXContainerItemProxy section */
		4F305B13288329E100052A33 /* PBXContainerItemProxy */ = {
			isa = PBXContainerItemProxy;
			containerPortal = 4F305B00288329E100052A33 /* Project object */;
			proxyType = 1;
			remoteGlobalIDString = 4F305B08288329E100052A33;
			remoteInfo = QuizEngine;
		};
		4F436C7A288C460700BCA67D /* PBXContainerItemProxy */ = {
			isa = PBXContainerItemProxy;
			containerPortal = 4F305B00288329E100052A33 /* Project object */;
			proxyType = 1;
			remoteGlobalIDString = 4F436C70288C460700BCA67D;
			remoteInfo = QuizEngine_iOS;
		};
/* End PBXContainerItemProxy section */

/* Begin PBXFileReference section */
		4F057D63288AEC8F00C1A6E9 /* Router.swift */ = {isa = PBXFileReference; lastKnownFileType = sourcecode.swift; path = Router.swift; sourceTree = "<group>"; };
		4F057D65288AECA400C1A6E9 /* Results.swift */ = {isa = PBXFileReference; lastKnownFileType = sourcecode.swift; path = Results.swift; sourceTree = "<group>"; };
		4F057D67288AECF800C1A6E9 /* GameTests.swift */ = {isa = PBXFileReference; lastKnownFileType = sourcecode.swift; path = GameTests.swift; sourceTree = "<group>"; };
		4F057D69288AEDD200C1A6E9 /* Game.swift */ = {isa = PBXFileReference; lastKnownFileType = sourcecode.swift; path = Game.swift; sourceTree = "<group>"; };
		4F057D6B288AEF0F00C1A6E9 /* RouterSpy.swift */ = {isa = PBXFileReference; lastKnownFileType = sourcecode.swift; path = RouterSpy.swift; sourceTree = "<group>"; };
		4F305B09288329E100052A33 /* QuizEngine.framework */ = {isa = PBXFileReference; explicitFileType = wrapper.framework; includeInIndex = 0; path = QuizEngine.framework; sourceTree = BUILT_PRODUCTS_DIR; };
		4F305B11288329E100052A33 /* QuizEngineTests.xctest */ = {isa = PBXFileReference; explicitFileType = wrapper.cfbundle; includeInIndex = 0; path = QuizEngineTests.xctest; sourceTree = BUILT_PRODUCTS_DIR; };
		4F305B2128832A4900052A33 /* FlowTests.swift */ = {isa = PBXFileReference; lastKnownFileType = sourcecode.swift; path = FlowTests.swift; sourceTree = "<group>"; };
		4F305B2328832B4B00052A33 /* Flow.swift */ = {isa = PBXFileReference; lastKnownFileType = sourcecode.swift; path = Flow.swift; sourceTree = "<group>"; };
		4F320E6328ACEEE300C37569 /* QuestionTests.swift */ = {isa = PBXFileReference; fileEncoding = 4; lastKnownFileType = sourcecode.swift; path = QuestionTests.swift; sourceTree = "<group>"; };
		4F436C71288C460700BCA67D /* QuizEngine.framework */ = {isa = PBXFileReference; explicitFileType = wrapper.framework; includeInIndex = 0; path = QuizEngine.framework; sourceTree = BUILT_PRODUCTS_DIR; };
		4F436C78288C460700BCA67D /* QuizEngine_iOSTests.xctest */ = {isa = PBXFileReference; explicitFileType = wrapper.cfbundle; includeInIndex = 0; path = QuizEngine_iOSTests.xctest; sourceTree = BUILT_PRODUCTS_DIR; };
		4F7B59C228ACEF8F00968B45 /* Question.swift */ = {isa = PBXFileReference; lastKnownFileType = sourcecode.swift; path = Question.swift; sourceTree = "<group>"; };
/* End PBXFileReference section */

/* Begin PBXFrameworksBuildPhase section */
		4F305B06288329E100052A33 /* Frameworks */ = {
			isa = PBXFrameworksBuildPhase;
			buildActionMask = 2147483647;
			files = (
			);
			runOnlyForDeploymentPostprocessing = 0;
		};
		4F305B0E288329E100052A33 /* Frameworks */ = {
			isa = PBXFrameworksBuildPhase;
			buildActionMask = 2147483647;
			files = (
				4F305B12288329E100052A33 /* QuizEngine.framework in Frameworks */,
			);
			runOnlyForDeploymentPostprocessing = 0;
		};
		4F436C6E288C460700BCA67D /* Frameworks */ = {
			isa = PBXFrameworksBuildPhase;
			buildActionMask = 2147483647;
			files = (
			);
			runOnlyForDeploymentPostprocessing = 0;
		};
		4F436C75288C460700BCA67D /* Frameworks */ = {
			isa = PBXFrameworksBuildPhase;
			buildActionMask = 2147483647;
			files = (
				4F436C79288C460700BCA67D /* QuizEngine.framework in Frameworks */,
			);
			runOnlyForDeploymentPostprocessing = 0;
		};
/* End PBXFrameworksBuildPhase section */

/* Begin PBXGroup section */
		4F305AFF288329E100052A33 = {
			isa = PBXGroup;
			children = (
				4F305B0B288329E100052A33 /* QuizEngine */,
				4F305B15288329E100052A33 /* QuizEngineTests */,
				4F305B0A288329E100052A33 /* Products */,
			);
			sourceTree = "<group>";
		};
		4F305B0A288329E100052A33 /* Products */ = {
			isa = PBXGroup;
			children = (
				4F305B09288329E100052A33 /* QuizEngine.framework */,
				4F305B11288329E100052A33 /* QuizEngineTests.xctest */,
				4F436C71288C460700BCA67D /* QuizEngine.framework */,
				4F436C78288C460700BCA67D /* QuizEngine_iOSTests.xctest */,
			);
			name = Products;
			sourceTree = "<group>";
		};
		4F305B0B288329E100052A33 /* QuizEngine */ = {
			isa = PBXGroup;
			children = (
				4F305B2328832B4B00052A33 /* Flow.swift */,
				4F057D69288AEDD200C1A6E9 /* Game.swift */,
				4F057D65288AECA400C1A6E9 /* Results.swift */,
				4F057D63288AEC8F00C1A6E9 /* Router.swift */,
				4F7B59C228ACEF8F00968B45 /* Question.swift */,
			);
			path = QuizEngine;
			sourceTree = "<group>";
		};
		4F305B15288329E100052A33 /* QuizEngineTests */ = {
			isa = PBXGroup;
			children = (
				4F305B2128832A4900052A33 /* FlowTests.swift */,
				4F057D6B288AEF0F00C1A6E9 /* RouterSpy.swift */,
				4F057D67288AECF800C1A6E9 /* GameTests.swift */,
				4F320E6328ACEEE300C37569 /* QuestionTests.swift */,
			);
			path = QuizEngineTests;
			sourceTree = "<group>";
		};
/* End PBXGroup section */

/* Begin PBXHeadersBuildPhase section */
		4F305B04288329E100052A33 /* Headers */ = {
			isa = PBXHeadersBuildPhase;
			buildActionMask = 2147483647;
			files = (
			);
			runOnlyForDeploymentPostprocessing = 0;
		};
		4F436C6C288C460700BCA67D /* Headers */ = {
			isa = PBXHeadersBuildPhase;
			buildActionMask = 2147483647;
			files = (
			);
			runOnlyForDeploymentPostprocessing = 0;
		};
/* End PBXHeadersBuildPhase section */

/* Begin PBXNativeTarget section */
		4F305B08288329E100052A33 /* QuizEngine */ = {
			isa = PBXNativeTarget;
			buildConfigurationList = 4F305B1B288329E100052A33 /* Build configuration list for PBXNativeTarget "QuizEngine" */;
			buildPhases = (
				4F305B04288329E100052A33 /* Headers */,
				4F305B05288329E100052A33 /* Sources */,
				4F305B06288329E100052A33 /* Frameworks */,
				4F305B07288329E100052A33 /* Resources */,
			);
			buildRules = (
			);
			dependencies = (
			);
			name = QuizEngine;
			productName = QuizEngine;
			productReference = 4F305B09288329E100052A33 /* QuizEngine.framework */;
			productType = "com.apple.product-type.framework";
		};
		4F305B10288329E100052A33 /* QuizEngineTests */ = {
			isa = PBXNativeTarget;
			buildConfigurationList = 4F305B1E288329E100052A33 /* Build configuration list for PBXNativeTarget "QuizEngineTests" */;
			buildPhases = (
				4F305B0D288329E100052A33 /* Sources */,
				4F305B0E288329E100052A33 /* Frameworks */,
				4F305B0F288329E100052A33 /* Resources */,
			);
			buildRules = (
			);
			dependencies = (
				4F305B14288329E100052A33 /* PBXTargetDependency */,
			);
			name = QuizEngineTests;
			productName = QuizEngineTests;
			productReference = 4F305B11288329E100052A33 /* QuizEngineTests.xctest */;
			productType = "com.apple.product-type.bundle.unit-test";
		};
		4F436C70288C460700BCA67D /* QuizEngine_iOS */ = {
			isa = PBXNativeTarget;
			buildConfigurationList = 4F436C84288C460700BCA67D /* Build configuration list for PBXNativeTarget "QuizEngine_iOS" */;
			buildPhases = (
				4F436C6C288C460700BCA67D /* Headers */,
				4F436C6D288C460700BCA67D /* Sources */,
				4F436C6E288C460700BCA67D /* Frameworks */,
				4F436C6F288C460700BCA67D /* Resources */,
			);
			buildRules = (
			);
			dependencies = (
			);
			name = QuizEngine_iOS;
			productName = QuizEngine_iOS;
			productReference = 4F436C71288C460700BCA67D /* QuizEngine.framework */;
			productType = "com.apple.product-type.framework";
		};
		4F436C77288C460700BCA67D /* QuizEngine_iOSTests */ = {
			isa = PBXNativeTarget;
			buildConfigurationList = 4F436C85288C460700BCA67D /* Build configuration list for PBXNativeTarget "QuizEngine_iOSTests" */;
			buildPhases = (
				4F436C74288C460700BCA67D /* Sources */,
				4F436C75288C460700BCA67D /* Frameworks */,
				4F436C76288C460700BCA67D /* Resources */,
			);
			buildRules = (
			);
			dependencies = (
				4F436C7B288C460700BCA67D /* PBXTargetDependency */,
			);
			name = QuizEngine_iOSTests;
			productName = QuizEngine_iOSTests;
			productReference = 4F436C78288C460700BCA67D /* QuizEngine_iOSTests.xctest */;
			productType = "com.apple.product-type.bundle.unit-test";
		};
/* End PBXNativeTarget section */

/* Begin PBXProject section */
		4F305B00288329E100052A33 /* Project object */ = {
			isa = PBXProject;
			attributes = {
				BuildIndependentTargetsInParallel = 1;
				LastSwiftUpdateCheck = 1340;
				LastUpgradeCheck = 1340;
				TargetAttributes = {
					4F305B08288329E100052A33 = {
						CreatedOnToolsVersion = 13.4.1;
						LastSwiftMigration = 1340;
					};
					4F305B10288329E100052A33 = {
						CreatedOnToolsVersion = 13.4.1;
						LastSwiftMigration = 1340;
					};
					4F436C70288C460700BCA67D = {
						CreatedOnToolsVersion = 13.4.1;
					};
					4F436C77288C460700BCA67D = {
						CreatedOnToolsVersion = 13.4.1;
					};
				};
			};
			buildConfigurationList = 4F305B03288329E100052A33 /* Build configuration list for PBXProject "QuizEngine" */;
			compatibilityVersion = "Xcode 13.0";
			developmentRegion = en;
			hasScannedForEncodings = 0;
			knownRegions = (
				en,
				Base,
			);
			mainGroup = 4F305AFF288329E100052A33;
			productRefGroup = 4F305B0A288329E100052A33 /* Products */;
			projectDirPath = "";
			projectRoot = "";
			targets = (
				4F305B08288329E100052A33 /* QuizEngine */,
				4F305B10288329E100052A33 /* QuizEngineTests */,
				4F436C70288C460700BCA67D /* QuizEngine_iOS */,
				4F436C77288C460700BCA67D /* QuizEngine_iOSTests */,
			);
		};
/* End PBXProject section */

/* Begin PBXResourcesBuildPhase section */
		4F305B07288329E100052A33 /* Resources */ = {
			isa = PBXResourcesBuildPhase;
			buildActionMask = 2147483647;
			files = (
			);
			runOnlyForDeploymentPostprocessing = 0;
		};
		4F305B0F288329E100052A33 /* Resources */ = {
			isa = PBXResourcesBuildPhase;
			buildActionMask = 2147483647;
			files = (
			);
			runOnlyForDeploymentPostprocessing = 0;
		};
		4F436C6F288C460700BCA67D /* Resources */ = {
			isa = PBXResourcesBuildPhase;
			buildActionMask = 2147483647;
			files = (
			);
			runOnlyForDeploymentPostprocessing = 0;
		};
		4F436C76288C460700BCA67D /* Resources */ = {
			isa = PBXResourcesBuildPhase;
			buildActionMask = 2147483647;
			files = (
			);
			runOnlyForDeploymentPostprocessing = 0;
		};
/* End PBXResourcesBuildPhase section */

/* Begin PBXSourcesBuildPhase section */
		4F305B05288329E100052A33 /* Sources */ = {
			isa = PBXSourcesBuildPhase;
			buildActionMask = 2147483647;
			files = (
				4F7B59C328ACEF8F00968B45 /* Question.swift in Sources */,
				4F057D66288AECA400C1A6E9 /* Results.swift in Sources */,
				4F057D64288AEC8F00C1A6E9 /* Router.swift in Sources */,
				4F305B2428832B4B00052A33 /* Flow.swift in Sources */,
				4F057D6A288AEDD200C1A6E9 /* Game.swift in Sources */,
			);
			runOnlyForDeploymentPostprocessing = 0;
		};
		4F305B0D288329E100052A33 /* Sources */ = {
			isa = PBXSourcesBuildPhase;
			buildActionMask = 2147483647;
			files = (
				4F305B2228832A4900052A33 /* FlowTests.swift in Sources */,
				4F320E6428ACEEE300C37569 /* QuestionTests.swift in Sources */,
				4F057D68288AECF800C1A6E9 /* GameTests.swift in Sources */,
				4F057D6C288AEF0F00C1A6E9 /* RouterSpy.swift in Sources */,
			);
			runOnlyForDeploymentPostprocessing = 0;
		};
		4F436C6D288C460700BCA67D /* Sources */ = {
			isa = PBXSourcesBuildPhase;
			buildActionMask = 2147483647;
			files = (
				4F7B59C428ACEFCE00968B45 /* Question.swift in Sources */,
				4F436C90288C474500BCA67D /* Router.swift in Sources */,
				4F436C8F288C474500BCA67D /* Results.swift in Sources */,
				4F436C8D288C474500BCA67D /* Flow.swift in Sources */,
				4F436C8E288C474500BCA67D /* Game.swift in Sources */,
			);
			runOnlyForDeploymentPostprocessing = 0;
		};
		4F436C74288C460700BCA67D /* Sources */ = {
			isa = PBXSourcesBuildPhase;
			buildActionMask = 2147483647;
			files = (
				4F436C87288C473600BCA67D /* FlowTests.swift in Sources */,
				4F436C92288C47B200BCA67D /* GameTests.swift in Sources */,
				4F436C88288C473600BCA67D /* RouterSpy.swift in Sources */,
			);
			runOnlyForDeploymentPostprocessing = 0;
		};
/* End PBXSourcesBuildPhase section */

/* Begin PBXTargetDependency section */
		4F305B14288329E100052A33 /* PBXTargetDependency */ = {
			isa = PBXTargetDependency;
			target = 4F305B08288329E100052A33 /* QuizEngine */;
			targetProxy = 4F305B13288329E100052A33 /* PBXContainerItemProxy */;
		};
		4F436C7B288C460700BCA67D /* PBXTargetDependency */ = {
			isa = PBXTargetDependency;
			target = 4F436C70288C460700BCA67D /* QuizEngine_iOS */;
			targetProxy = 4F436C7A288C460700BCA67D /* PBXContainerItemProxy */;
		};
/* End PBXTargetDependency section */

/* Begin XCBuildConfiguration section */
		4F305B19288329E100052A33 /* Debug */ = {
			isa = XCBuildConfiguration;
			buildSettings = {
				ALWAYS_SEARCH_USER_PATHS = NO;
				CLANG_ANALYZER_NONNULL = YES;
				CLANG_ANALYZER_NUMBER_OBJECT_CONVERSION = YES_AGGRESSIVE;
				CLANG_CXX_LANGUAGE_STANDARD = "gnu++17";
				CLANG_ENABLE_MODULES = YES;
				CLANG_ENABLE_OBJC_ARC = YES;
				CLANG_ENABLE_OBJC_WEAK = YES;
				CLANG_WARN_BLOCK_CAPTURE_AUTORELEASING = YES;
				CLANG_WARN_BOOL_CONVERSION = YES;
				CLANG_WARN_COMMA = YES;
				CLANG_WARN_CONSTANT_CONVERSION = YES;
				CLANG_WARN_DEPRECATED_OBJC_IMPLEMENTATIONS = YES;
				CLANG_WARN_DIRECT_OBJC_ISA_USAGE = YES_ERROR;
				CLANG_WARN_DOCUMENTATION_COMMENTS = YES;
				CLANG_WARN_EMPTY_BODY = YES;
				CLANG_WARN_ENUM_CONVERSION = YES;
				CLANG_WARN_INFINITE_RECURSION = YES;
				CLANG_WARN_INT_CONVERSION = YES;
				CLANG_WARN_NON_LITERAL_NULL_CONVERSION = YES;
				CLANG_WARN_OBJC_IMPLICIT_RETAIN_SELF = YES;
				CLANG_WARN_OBJC_LITERAL_CONVERSION = YES;
				CLANG_WARN_OBJC_ROOT_CLASS = YES_ERROR;
				CLANG_WARN_QUOTED_INCLUDE_IN_FRAMEWORK_HEADER = YES;
				CLANG_WARN_RANGE_LOOP_ANALYSIS = YES;
				CLANG_WARN_STRICT_PROTOTYPES = YES;
				CLANG_WARN_SUSPICIOUS_MOVE = YES;
				CLANG_WARN_UNGUARDED_AVAILABILITY = YES_AGGRESSIVE;
				CLANG_WARN_UNREACHABLE_CODE = YES;
				CLANG_WARN__DUPLICATE_METHOD_MATCH = YES;
				COPY_PHASE_STRIP = NO;
				CURRENT_PROJECT_VERSION = 1;
				DEBUG_INFORMATION_FORMAT = dwarf;
				ENABLE_STRICT_OBJC_MSGSEND = YES;
				ENABLE_TESTABILITY = YES;
				GCC_C_LANGUAGE_STANDARD = gnu11;
				GCC_DYNAMIC_NO_PIC = NO;
				GCC_NO_COMMON_BLOCKS = YES;
				GCC_OPTIMIZATION_LEVEL = 0;
				GCC_PREPROCESSOR_DEFINITIONS = (
					"DEBUG=1",
					"$(inherited)",
				);
				GCC_WARN_64_TO_32_BIT_CONVERSION = YES;
				GCC_WARN_ABOUT_RETURN_TYPE = YES_ERROR;
				GCC_WARN_UNDECLARED_SELECTOR = YES;
				GCC_WARN_UNINITIALIZED_AUTOS = YES_AGGRESSIVE;
				GCC_WARN_UNUSED_FUNCTION = YES;
				GCC_WARN_UNUSED_VARIABLE = YES;
				MACOSX_DEPLOYMENT_TARGET = 12.3;
				MTL_ENABLE_DEBUG_INFO = INCLUDE_SOURCE;
				MTL_FAST_MATH = YES;
				ONLY_ACTIVE_ARCH = YES;
				SDKROOT = macosx;
				SWIFT_ACTIVE_COMPILATION_CONDITIONS = DEBUG;
				SWIFT_OPTIMIZATION_LEVEL = "-Onone";
				VERSIONING_SYSTEM = "apple-generic";
				VERSION_INFO_PREFIX = "";
			};
			name = Debug;
		};
		4F305B1A288329E100052A33 /* Release */ = {
			isa = XCBuildConfiguration;
			buildSettings = {
				ALWAYS_SEARCH_USER_PATHS = NO;
				CLANG_ANALYZER_NONNULL = YES;
				CLANG_ANALYZER_NUMBER_OBJECT_CONVERSION = YES_AGGRESSIVE;
				CLANG_CXX_LANGUAGE_STANDARD = "gnu++17";
				CLANG_ENABLE_MODULES = YES;
				CLANG_ENABLE_OBJC_ARC = YES;
				CLANG_ENABLE_OBJC_WEAK = YES;
				CLANG_WARN_BLOCK_CAPTURE_AUTORELEASING = YES;
				CLANG_WARN_BOOL_CONVERSION = YES;
				CLANG_WARN_COMMA = YES;
				CLANG_WARN_CONSTANT_CONVERSION = YES;
				CLANG_WARN_DEPRECATED_OBJC_IMPLEMENTATIONS = YES;
				CLANG_WARN_DIRECT_OBJC_ISA_USAGE = YES_ERROR;
				CLANG_WARN_DOCUMENTATION_COMMENTS = YES;
				CLANG_WARN_EMPTY_BODY = YES;
				CLANG_WARN_ENUM_CONVERSION = YES;
				CLANG_WARN_INFINITE_RECURSION = YES;
				CLANG_WARN_INT_CONVERSION = YES;
				CLANG_WARN_NON_LITERAL_NULL_CONVERSION = YES;
				CLANG_WARN_OBJC_IMPLICIT_RETAIN_SELF = YES;
				CLANG_WARN_OBJC_LITERAL_CONVERSION = YES;
				CLANG_WARN_OBJC_ROOT_CLASS = YES_ERROR;
				CLANG_WARN_QUOTED_INCLUDE_IN_FRAMEWORK_HEADER = YES;
				CLANG_WARN_RANGE_LOOP_ANALYSIS = YES;
				CLANG_WARN_STRICT_PROTOTYPES = YES;
				CLANG_WARN_SUSPICIOUS_MOVE = YES;
				CLANG_WARN_UNGUARDED_AVAILABILITY = YES_AGGRESSIVE;
				CLANG_WARN_UNREACHABLE_CODE = YES;
				CLANG_WARN__DUPLICATE_METHOD_MATCH = YES;
				COPY_PHASE_STRIP = NO;
				CURRENT_PROJECT_VERSION = 1;
				DEBUG_INFORMATION_FORMAT = "dwarf-with-dsym";
				ENABLE_NS_ASSERTIONS = NO;
				ENABLE_STRICT_OBJC_MSGSEND = YES;
				GCC_C_LANGUAGE_STANDARD = gnu11;
				GCC_NO_COMMON_BLOCKS = YES;
				GCC_WARN_64_TO_32_BIT_CONVERSION = YES;
				GCC_WARN_ABOUT_RETURN_TYPE = YES_ERROR;
				GCC_WARN_UNDECLARED_SELECTOR = YES;
				GCC_WARN_UNINITIALIZED_AUTOS = YES_AGGRESSIVE;
				GCC_WARN_UNUSED_FUNCTION = YES;
				GCC_WARN_UNUSED_VARIABLE = YES;
				MACOSX_DEPLOYMENT_TARGET = 12.3;
				MTL_ENABLE_DEBUG_INFO = NO;
				MTL_FAST_MATH = YES;
				SDKROOT = macosx;
				SWIFT_COMPILATION_MODE = wholemodule;
				SWIFT_OPTIMIZATION_LEVEL = "-O";
				VERSIONING_SYSTEM = "apple-generic";
				VERSION_INFO_PREFIX = "";
			};
			name = Release;
		};
		4F305B1C288329E100052A33 /* Debug */ = {
			isa = XCBuildConfiguration;
			buildSettings = {
				CLANG_ENABLE_MODULES = YES;
				CODE_SIGN_STYLE = Automatic;
				COMBINE_HIDPI_IMAGES = YES;
				CURRENT_PROJECT_VERSION = 1;
				DEFINES_MODULE = YES;
				DEVELOPMENT_TEAM = 5YJ9NPM7MQ;
				DYLIB_COMPATIBILITY_VERSION = 1;
				DYLIB_CURRENT_VERSION = 1;
				DYLIB_INSTALL_NAME_BASE = "@rpath";
				GENERATE_INFOPLIST_FILE = YES;
				INFOPLIST_KEY_NSHumanReadableCopyright = "";
				INSTALL_PATH = "$(LOCAL_LIBRARY_DIR)/Frameworks";
				LD_RUNPATH_SEARCH_PATHS = (
					"$(inherited)",
					"@executable_path/../Frameworks",
					"@loader_path/Frameworks",
				);
				MARKETING_VERSION = 1.0;
				PRODUCT_BUNDLE_IDENTIFIER = com.fenominall.QuizEngine;
				PRODUCT_NAME = "$(TARGET_NAME:c99extidentifier)";
				SKIP_INSTALL = YES;
				SWIFT_EMIT_LOC_STRINGS = YES;
				SWIFT_OPTIMIZATION_LEVEL = "-Onone";
				SWIFT_VERSION = 5.0;
			};
			name = Debug;
		};
		4F305B1D288329E100052A33 /* Release */ = {
			isa = XCBuildConfiguration;
			buildSettings = {
				CLANG_ENABLE_MODULES = YES;
				CODE_SIGN_STYLE = Automatic;
				COMBINE_HIDPI_IMAGES = YES;
				CURRENT_PROJECT_VERSION = 1;
				DEFINES_MODULE = YES;
				DEVELOPMENT_TEAM = 5YJ9NPM7MQ;
				DYLIB_COMPATIBILITY_VERSION = 1;
				DYLIB_CURRENT_VERSION = 1;
				DYLIB_INSTALL_NAME_BASE = "@rpath";
				GENERATE_INFOPLIST_FILE = YES;
				INFOPLIST_KEY_NSHumanReadableCopyright = "";
				INSTALL_PATH = "$(LOCAL_LIBRARY_DIR)/Frameworks";
				LD_RUNPATH_SEARCH_PATHS = (
					"$(inherited)",
					"@executable_path/../Frameworks",
					"@loader_path/Frameworks",
				);
				MARKETING_VERSION = 1.0;
				PRODUCT_BUNDLE_IDENTIFIER = com.fenominall.QuizEngine;
				PRODUCT_NAME = "$(TARGET_NAME:c99extidentifier)";
				SKIP_INSTALL = YES;
				SWIFT_EMIT_LOC_STRINGS = YES;
				SWIFT_VERSION = 5.0;
			};
			name = Release;
		};
		4F305B1F288329E100052A33 /* Debug */ = {
			isa = XCBuildConfiguration;
			buildSettings = {
				ALWAYS_EMBED_SWIFT_STANDARD_LIBRARIES = YES;
				CLANG_ENABLE_MODULES = YES;
				CODE_SIGN_STYLE = Automatic;
				CURRENT_PROJECT_VERSION = 1;
				DEVELOPMENT_TEAM = 5YJ9NPM7MQ;
				GENERATE_INFOPLIST_FILE = YES;
				LD_RUNPATH_SEARCH_PATHS = (
					"$(inherited)",
					"@executable_path/../Frameworks",
					"@loader_path/../Frameworks",
				);
				MARKETING_VERSION = 1.0;
				PRODUCT_BUNDLE_IDENTIFIER = com.fenominall.QuizEngineTests;
				PRODUCT_NAME = "$(TARGET_NAME)";
				SWIFT_EMIT_LOC_STRINGS = NO;
				SWIFT_OPTIMIZATION_LEVEL = "-Onone";
				SWIFT_VERSION = 5.0;
			};
			name = Debug;
		};
		4F305B20288329E100052A33 /* Release */ = {
			isa = XCBuildConfiguration;
			buildSettings = {
				ALWAYS_EMBED_SWIFT_STANDARD_LIBRARIES = YES;
				CLANG_ENABLE_MODULES = YES;
				CODE_SIGN_STYLE = Automatic;
				CURRENT_PROJECT_VERSION = 1;
				DEVELOPMENT_TEAM = 5YJ9NPM7MQ;
				GENERATE_INFOPLIST_FILE = YES;
				LD_RUNPATH_SEARCH_PATHS = (
					"$(inherited)",
					"@executable_path/../Frameworks",
					"@loader_path/../Frameworks",
				);
				MARKETING_VERSION = 1.0;
				PRODUCT_BUNDLE_IDENTIFIER = com.fenominall.QuizEngineTests;
				PRODUCT_NAME = "$(TARGET_NAME)";
				SWIFT_EMIT_LOC_STRINGS = NO;
				SWIFT_VERSION = 5.0;
			};
			name = Release;
		};
		4F436C80288C460700BCA67D /* Debug */ = {
			isa = XCBuildConfiguration;
			buildSettings = {
				CODE_SIGN_STYLE = Automatic;
				CURRENT_PROJECT_VERSION = 1;
				DEFINES_MODULE = YES;
				DEVELOPMENT_TEAM = 5YJ9NPM7MQ;
				DYLIB_COMPATIBILITY_VERSION = 1;
				DYLIB_CURRENT_VERSION = 1;
				DYLIB_INSTALL_NAME_BASE = "@rpath";
				GENERATE_INFOPLIST_FILE = YES;
				INFOPLIST_KEY_NSHumanReadableCopyright = "";
				INSTALL_PATH = "$(LOCAL_LIBRARY_DIR)/Frameworks";
				IPHONEOS_DEPLOYMENT_TARGET = 15.5;
				LD_RUNPATH_SEARCH_PATHS = (
					"$(inherited)",
					"@executable_path/Frameworks",
					"@loader_path/Frameworks",
				);
				MARKETING_VERSION = 1.0;
				PRODUCT_BUNDLE_IDENTIFIER = "com.fenominall.QuizEngine-iOS";
				PRODUCT_NAME = QuizEngine;
				SDKROOT = iphoneos;
				SKIP_INSTALL = YES;
				SWIFT_EMIT_LOC_STRINGS = YES;
				SWIFT_VERSION = 5.0;
				TARGETED_DEVICE_FAMILY = "1,2";
			};
			name = Debug;
		};
		4F436C81288C460700BCA67D /* Release */ = {
			isa = XCBuildConfiguration;
			buildSettings = {
				CODE_SIGN_STYLE = Automatic;
				CURRENT_PROJECT_VERSION = 1;
				DEFINES_MODULE = YES;
				DEVELOPMENT_TEAM = 5YJ9NPM7MQ;
				DYLIB_COMPATIBILITY_VERSION = 1;
				DYLIB_CURRENT_VERSION = 1;
				DYLIB_INSTALL_NAME_BASE = "@rpath";
				GENERATE_INFOPLIST_FILE = YES;
				INFOPLIST_KEY_NSHumanReadableCopyright = "";
				INSTALL_PATH = "$(LOCAL_LIBRARY_DIR)/Frameworks";
				IPHONEOS_DEPLOYMENT_TARGET = 15.5;
				LD_RUNPATH_SEARCH_PATHS = (
					"$(inherited)",
					"@executable_path/Frameworks",
					"@loader_path/Frameworks",
				);
				MARKETING_VERSION = 1.0;
				PRODUCT_BUNDLE_IDENTIFIER = "com.fenominall.QuizEngine-iOS";
				PRODUCT_NAME = QuizEngine;
				SDKROOT = iphoneos;
				SKIP_INSTALL = YES;
				SWIFT_EMIT_LOC_STRINGS = YES;
				SWIFT_VERSION = 5.0;
				TARGETED_DEVICE_FAMILY = "1,2";
				VALIDATE_PRODUCT = YES;
			};
			name = Release;
		};
		4F436C82288C460700BCA67D /* Debug */ = {
			isa = XCBuildConfiguration;
			buildSettings = {
				ALWAYS_EMBED_SWIFT_STANDARD_LIBRARIES = YES;
				CODE_SIGN_STYLE = Automatic;
				CURRENT_PROJECT_VERSION = 1;
				DEVELOPMENT_TEAM = 5YJ9NPM7MQ;
				GENERATE_INFOPLIST_FILE = YES;
				IPHONEOS_DEPLOYMENT_TARGET = 15.5;
				MARKETING_VERSION = 1.0;
				PRODUCT_BUNDLE_IDENTIFIER = "com.fenominall.QuizEngine-iOSTests";
				PRODUCT_NAME = "$(TARGET_NAME)";
				SDKROOT = iphoneos;
				SWIFT_EMIT_LOC_STRINGS = NO;
				SWIFT_VERSION = 5.0;
				TARGETED_DEVICE_FAMILY = "1,2";
			};
			name = Debug;
		};
		4F436C83288C460700BCA67D /* Release */ = {
			isa = XCBuildConfiguration;
			buildSettings = {
				ALWAYS_EMBED_SWIFT_STANDARD_LIBRARIES = YES;
				CODE_SIGN_STYLE = Automatic;
				CURRENT_PROJECT_VERSION = 1;
				DEVELOPMENT_TEAM = 5YJ9NPM7MQ;
				GENERATE_INFOPLIST_FILE = YES;
				IPHONEOS_DEPLOYMENT_TARGET = 15.5;
				MARKETING_VERSION = 1.0;
				PRODUCT_BUNDLE_IDENTIFIER = "com.fenominall.QuizEngine-iOSTests";
				PRODUCT_NAME = "$(TARGET_NAME)";
				SDKROOT = iphoneos;
				SWIFT_EMIT_LOC_STRINGS = NO;
				SWIFT_VERSION = 5.0;
				TARGETED_DEVICE_FAMILY = "1,2";
				VALIDATE_PRODUCT = YES;
			};
			name = Release;
		};
/* End XCBuildConfiguration section */

/* Begin XCConfigurationList section */
		4F305B03288329E100052A33 /* Build configuration list for PBXProject "QuizEngine" */ = {
			isa = XCConfigurationList;
			buildConfigurations = (
				4F305B19288329E100052A33 /* Debug */,
				4F305B1A288329E100052A33 /* Release */,
			);
			defaultConfigurationIsVisible = 0;
			defaultConfigurationName = Release;
		};
		4F305B1B288329E100052A33 /* Build configuration list for PBXNativeTarget "QuizEngine" */ = {
			isa = XCConfigurationList;
			buildConfigurations = (
				4F305B1C288329E100052A33 /* Debug */,
				4F305B1D288329E100052A33 /* Release */,
			);
			defaultConfigurationIsVisible = 0;
			defaultConfigurationName = Release;
		};
		4F305B1E288329E100052A33 /* Build configuration list for PBXNativeTarget "QuizEngineTests" */ = {
			isa = XCConfigurationList;
			buildConfigurations = (
				4F305B1F288329E100052A33 /* Debug */,
				4F305B20288329E100052A33 /* Release */,
			);
			defaultConfigurationIsVisible = 0;
			defaultConfigurationName = Release;
		};
		4F436C84288C460700BCA67D /* Build configuration list for PBXNativeTarget "QuizEngine_iOS" */ = {
			isa = XCConfigurationList;
			buildConfigurations = (
				4F436C80288C460700BCA67D /* Debug */,
				4F436C81288C460700BCA67D /* Release */,
			);
			defaultConfigurationIsVisible = 0;
			defaultConfigurationName = Release;
		};
		4F436C85288C460700BCA67D /* Build configuration list for PBXNativeTarget "QuizEngine_iOSTests" */ = {
			isa = XCConfigurationList;
			buildConfigurations = (
				4F436C82288C460700BCA67D /* Debug */,
				4F436C83288C460700BCA67D /* Release */,
			);
			defaultConfigurationIsVisible = 0;
			defaultConfigurationName = Release;
		};
/* End XCConfigurationList section */
	};
	rootObject = 4F305B00288329E100052A33 /* Project object */;
}
