// !$*UTF8*$!
{
	archiveVersion = 1;
	classes = {
	};
	objectVersion = 55;
	objects = {

/* Begin PBXBuildFile section */
		4F188D8528A79B9700CF7DC6 /* ViewControllerFactory.swift in Sources */ = {isa = PBXBuildFile; fileRef = 4F188D8428A79B9700CF7DC6 /* ViewControllerFactory.swift */; };
		4F188D8728A79C1300CF7DC6 /* iOSViewControllerFactoryTests.swift in Sources */ = {isa = PBXBuildFile; fileRef = 4F188D8628A79C1300CF7DC6 /* iOSViewControllerFactoryTests.swift */; };
		4F188D8928A79CF400CF7DC6 /* iOSViewControllerFactory.swift in Sources */ = {isa = PBXBuildFile; fileRef = 4F188D8828A79CF400CF7DC6 /* iOSViewControllerFactory.swift */; };
		4F1A652728A7DCD50071C6D4 /* ResultsPresenterTests.swift in Sources */ = {isa = PBXBuildFile; fileRef = 4F1A652628A7DCD50071C6D4 /* ResultsPresenterTests.swift */; };
		4F1A652B28A7E1E10071C6D4 /* ResultsPresenter.swift in Sources */ = {isa = PBXBuildFile; fileRef = 4F1A652A28A7E1E10071C6D4 /* ResultsPresenter.swift */; };
		4F2BCC6728BF456F00308857 /* BasicScore.swift in Sources */ = {isa = PBXBuildFile; fileRef = 4F2BCC6628BF456F00308857 /* BasicScore.swift */; };
		4F2BCC6E28BF47D600308857 /* ScoreTests.swift in Sources */ = {isa = PBXBuildFile; fileRef = 4F2BCC6D28BF47D600308857 /* ScoreTests.swift */; };
		4F365ADB2884560300B88BCB /* AppDelegate.swift in Sources */ = {isa = PBXBuildFile; fileRef = 4F365ADA2884560300B88BCB /* AppDelegate.swift */; };
		4F365ADD2884560300B88BCB /* SceneDelegate.swift in Sources */ = {isa = PBXBuildFile; fileRef = 4F365ADC2884560300B88BCB /* SceneDelegate.swift */; };
		4F365AE42884560500B88BCB /* Assets.xcassets in Resources */ = {isa = PBXBuildFile; fileRef = 4F365AE32884560500B88BCB /* Assets.xcassets */; };
		4F365AE72884560500B88BCB /* LaunchScreen.storyboard in Resources */ = {isa = PBXBuildFile; fileRef = 4F365AE52884560500B88BCB /* LaunchScreen.storyboard */; };
		4F365AF22884560500B88BCB /* QuestionViewControllerTests.swift in Sources */ = {isa = PBXBuildFile; fileRef = 4F365AF12884560500B88BCB /* QuestionViewControllerTests.swift */; };
		4F365B0B288457A600B88BCB /* QuestionViewController.swift in Sources */ = {isa = PBXBuildFile; fileRef = 4F365B0A288457A600B88BCB /* QuestionViewController.swift */; };
		4F436C95288C48EA00BCA67D /* QuizEngine.framework in Frameworks */ = {isa = PBXBuildFile; fileRef = 4F436C94288C48EA00BCA67D /* QuizEngine.framework */; };
		4F436C96288C48EA00BCA67D /* QuizEngine.framework in Embed Frameworks */ = {isa = PBXBuildFile; fileRef = 4F436C94288C48EA00BCA67D /* QuizEngine.framework */; settings = {ATTRIBUTES = (CodeSignOnCopy, RemoveHeadersOnCopy, ); }; };
		4F436C99288C49AF00BCA67D /* NavigationControllerRouterTests.swift in Sources */ = {isa = PBXBuildFile; fileRef = 4F436C98288C49AF00BCA67D /* NavigationControllerRouterTests.swift */; };
		4F436C9B288C4A9D00BCA67D /* NavigationControllerRouter.swift in Sources */ = {isa = PBXBuildFile; fileRef = 4F436C9A288C4A9D00BCA67D /* NavigationControllerRouter.swift */; };
		4F81D7E62887DBE9000C8085 /* CorrectAnswerCell.swift in Sources */ = {isa = PBXBuildFile; fileRef = 4F81D7E52887DBE9000C8085 /* CorrectAnswerCell.swift */; };
		4F81D7E82887DC02000C8085 /* WrongAnswerCell.swift in Sources */ = {isa = PBXBuildFile; fileRef = 4F81D7E72887DC02000C8085 /* WrongAnswerCell.swift */; };
		4F81D7EB2887DC20000C8085 /* PresentableAnswer.swift in Sources */ = {isa = PBXBuildFile; fileRef = 4F81D7EA2887DC20000C8085 /* PresentableAnswer.swift */; };
		4F81D7EE28882C55000C8085 /* UITableViewExtensions.swift in Sources */ = {isa = PBXBuildFile; fileRef = 4F81D7ED28882C55000C8085 /* UITableViewExtensions.swift */; };
		4F81D7F028884879000C8085 /* QuestionTableHeader.swift in Sources */ = {isa = PBXBuildFile; fileRef = 4F81D7EF28884879000C8085 /* QuestionTableHeader.swift */; };
		4F81D7F2288851C0000C8085 /* ResultsTableHeader.swift in Sources */ = {isa = PBXBuildFile; fileRef = 4F81D7F1288851C0000C8085 /* ResultsTableHeader.swift */; };
		4F8944442886FD3B007EC21B /* ResultsViewControllerTests.swift in Sources */ = {isa = PBXBuildFile; fileRef = 4F8944432886FD3B007EC21B /* ResultsViewControllerTests.swift */; };
		4F8944462886FE50007EC21B /* ResultsViewController.swift in Sources */ = {isa = PBXBuildFile; fileRef = 4F8944452886FE50007EC21B /* ResultsViewController.swift */; };
		4F8944492887039D007EC21B /* TestHelpers.swift in Sources */ = {isa = PBXBuildFile; fileRef = 4F8944482887039D007EC21B /* TestHelpers.swift */; };
		4F9F60C428A973720074F782 /* QuestionPresenterTests.swift in Sources */ = {isa = PBXBuildFile; fileRef = 4F9F60C328A973720074F782 /* QuestionPresenterTests.swift */; };
		4F9F60C628A974200074F782 /* QuestionPresenter.swift in Sources */ = {isa = PBXBuildFile; fileRef = 4F9F60C528A974200074F782 /* QuestionPresenter.swift */; };
/* End PBXBuildFile section */

/* Begin PBXContainerItemProxy section */
		4F365AEE2884560500B88BCB /* PBXContainerItemProxy */ = {
			isa = PBXContainerItemProxy;
			containerPortal = 4F365ACF2884560300B88BCB /* Project object */;
			proxyType = 1;
			remoteGlobalIDString = 4F365AD62884560300B88BCB;
			remoteInfo = QuizApp;
		};
/* End PBXContainerItemProxy section */

/* Begin PBXCopyFilesBuildPhase section */
		4F436C97288C48EA00BCA67D /* Embed Frameworks */ = {
			isa = PBXCopyFilesBuildPhase;
			buildActionMask = 2147483647;
			dstPath = "";
			dstSubfolderSpec = 10;
			files = (
				4F436C96288C48EA00BCA67D /* QuizEngine.framework in Embed Frameworks */,
			);
			name = "Embed Frameworks";
			runOnlyForDeploymentPostprocessing = 0;
		};
/* End PBXCopyFilesBuildPhase section */

/* Begin PBXFileReference section */
		4F188D8428A79B9700CF7DC6 /* ViewControllerFactory.swift */ = {isa = PBXFileReference; lastKnownFileType = sourcecode.swift; path = ViewControllerFactory.swift; sourceTree = "<group>"; };
		4F188D8628A79C1300CF7DC6 /* iOSViewControllerFactoryTests.swift */ = {isa = PBXFileReference; lastKnownFileType = sourcecode.swift; path = iOSViewControllerFactoryTests.swift; sourceTree = "<group>"; };
		4F188D8828A79CF400CF7DC6 /* iOSViewControllerFactory.swift */ = {isa = PBXFileReference; lastKnownFileType = sourcecode.swift; path = iOSViewControllerFactory.swift; sourceTree = "<group>"; };
		4F1A652628A7DCD50071C6D4 /* ResultsPresenterTests.swift */ = {isa = PBXFileReference; lastKnownFileType = sourcecode.swift; path = ResultsPresenterTests.swift; sourceTree = "<group>"; };
		4F1A652A28A7E1E10071C6D4 /* ResultsPresenter.swift */ = {isa = PBXFileReference; lastKnownFileType = sourcecode.swift; path = ResultsPresenter.swift; sourceTree = "<group>"; };
		4F2BCC6628BF456F00308857 /* BasicScore.swift */ = {isa = PBXFileReference; lastKnownFileType = sourcecode.swift; path = BasicScore.swift; sourceTree = "<group>"; };
		4F2BCC6D28BF47D600308857 /* ScoreTests.swift */ = {isa = PBXFileReference; fileEncoding = 4; lastKnownFileType = sourcecode.swift; path = ScoreTests.swift; sourceTree = "<group>"; };
		4F365AD72884560300B88BCB /* QuizApp.app */ = {isa = PBXFileReference; explicitFileType = wrapper.application; includeInIndex = 0; path = QuizApp.app; sourceTree = BUILT_PRODUCTS_DIR; };
		4F365ADA2884560300B88BCB /* AppDelegate.swift */ = {isa = PBXFileReference; lastKnownFileType = sourcecode.swift; path = AppDelegate.swift; sourceTree = "<group>"; };
		4F365ADC2884560300B88BCB /* SceneDelegate.swift */ = {isa = PBXFileReference; lastKnownFileType = sourcecode.swift; path = SceneDelegate.swift; sourceTree = "<group>"; };
		4F365AE32884560500B88BCB /* Assets.xcassets */ = {isa = PBXFileReference; lastKnownFileType = folder.assetcatalog; path = Assets.xcassets; sourceTree = "<group>"; };
		4F365AE62884560500B88BCB /* Base */ = {isa = PBXFileReference; lastKnownFileType = file.storyboard; name = Base; path = Base.lproj/LaunchScreen.storyboard; sourceTree = "<group>"; };
		4F365AE82884560500B88BCB /* Info.plist */ = {isa = PBXFileReference; lastKnownFileType = text.plist.xml; path = Info.plist; sourceTree = "<group>"; };
		4F365AED2884560500B88BCB /* QuizAppTests.xctest */ = {isa = PBXFileReference; explicitFileType = wrapper.cfbundle; includeInIndex = 0; path = QuizAppTests.xctest; sourceTree = BUILT_PRODUCTS_DIR; };
		4F365AF12884560500B88BCB /* QuestionViewControllerTests.swift */ = {isa = PBXFileReference; lastKnownFileType = sourcecode.swift; path = QuestionViewControllerTests.swift; sourceTree = "<group>"; };
		4F365B0A288457A600B88BCB /* QuestionViewController.swift */ = {isa = PBXFileReference; lastKnownFileType = sourcecode.swift; path = QuestionViewController.swift; sourceTree = "<group>"; };
		4F436C94288C48EA00BCA67D /* QuizEngine.framework */ = {isa = PBXFileReference; explicitFileType = wrapper.framework; path = QuizEngine.framework; sourceTree = BUILT_PRODUCTS_DIR; };
		4F436C98288C49AF00BCA67D /* NavigationControllerRouterTests.swift */ = {isa = PBXFileReference; lastKnownFileType = sourcecode.swift; path = NavigationControllerRouterTests.swift; sourceTree = "<group>"; };
		4F436C9A288C4A9D00BCA67D /* NavigationControllerRouter.swift */ = {isa = PBXFileReference; lastKnownFileType = sourcecode.swift; path = NavigationControllerRouter.swift; sourceTree = "<group>"; };
		4F81D7E52887DBE9000C8085 /* CorrectAnswerCell.swift */ = {isa = PBXFileReference; lastKnownFileType = sourcecode.swift; path = CorrectAnswerCell.swift; sourceTree = "<group>"; };
		4F81D7E72887DC02000C8085 /* WrongAnswerCell.swift */ = {isa = PBXFileReference; lastKnownFileType = sourcecode.swift; path = WrongAnswerCell.swift; sourceTree = "<group>"; };
		4F81D7EA2887DC20000C8085 /* PresentableAnswer.swift */ = {isa = PBXFileReference; lastKnownFileType = sourcecode.swift; path = PresentableAnswer.swift; sourceTree = "<group>"; };
		4F81D7ED28882C55000C8085 /* UITableViewExtensions.swift */ = {isa = PBXFileReference; lastKnownFileType = sourcecode.swift; path = UITableViewExtensions.swift; sourceTree = "<group>"; };
		4F81D7EF28884879000C8085 /* QuestionTableHeader.swift */ = {isa = PBXFileReference; lastKnownFileType = sourcecode.swift; path = QuestionTableHeader.swift; sourceTree = "<group>"; };
		4F81D7F1288851C0000C8085 /* ResultsTableHeader.swift */ = {isa = PBXFileReference; lastKnownFileType = sourcecode.swift; path = ResultsTableHeader.swift; sourceTree = "<group>"; };
		4F8944432886FD3B007EC21B /* ResultsViewControllerTests.swift */ = {isa = PBXFileReference; lastKnownFileType = sourcecode.swift; path = ResultsViewControllerTests.swift; sourceTree = "<group>"; };
		4F8944452886FE50007EC21B /* ResultsViewController.swift */ = {isa = PBXFileReference; lastKnownFileType = sourcecode.swift; path = ResultsViewController.swift; sourceTree = "<group>"; };
		4F8944482887039D007EC21B /* TestHelpers.swift */ = {isa = PBXFileReference; lastKnownFileType = sourcecode.swift; path = TestHelpers.swift; sourceTree = "<group>"; };
		4F9F60C328A973720074F782 /* QuestionPresenterTests.swift */ = {isa = PBXFileReference; lastKnownFileType = sourcecode.swift; path = QuestionPresenterTests.swift; sourceTree = "<group>"; };
		4F9F60C528A974200074F782 /* QuestionPresenter.swift */ = {isa = PBXFileReference; lastKnownFileType = sourcecode.swift; path = QuestionPresenter.swift; sourceTree = "<group>"; };
/* End PBXFileReference section */

/* Begin PBXFrameworksBuildPhase section */
		4F365AD42884560300B88BCB /* Frameworks */ = {
			isa = PBXFrameworksBuildPhase;
			buildActionMask = 2147483647;
			files = (
				4F436C95288C48EA00BCA67D /* QuizEngine.framework in Frameworks */,
			);
			runOnlyForDeploymentPostprocessing = 0;
		};
		4F365AEA2884560500B88BCB /* Frameworks */ = {
			isa = PBXFrameworksBuildPhase;
			buildActionMask = 2147483647;
			files = (
			);
			runOnlyForDeploymentPostprocessing = 0;
		};
/* End PBXFrameworksBuildPhase section */

/* Begin PBXGroup section */
		4F0F63AB28AA701300EA0A08 /* Factory */ = {
			isa = PBXGroup;
			children = (
				4F188D8828A79CF400CF7DC6 /* iOSViewControllerFactory.swift */,
			);
			path = Factory;
			sourceTree = "<group>";
		};
		4F2BCC6528BF456400308857 /* Scoring */ = {
			isa = PBXGroup;
			children = (
				4F2BCC6628BF456F00308857 /* BasicScore.swift */,
			);
			path = Scoring;
			sourceTree = "<group>";
		};
		4F2BCC6828BF479700308857 /* Scoring */ = {
			isa = PBXGroup;
			children = (
				4F2BCC6D28BF47D600308857 /* ScoreTests.swift */,
			);
			path = Scoring;
			sourceTree = "<group>";
		};
		4F365ACE2884560300B88BCB = {
			isa = PBXGroup;
			children = (
				4F365AD92884560300B88BCB /* QuizApp */,
				4F365AF02884560500B88BCB /* QuizAppTests */,
				4F365AD82884560300B88BCB /* Products */,
				4F436C93288C48EA00BCA67D /* Frameworks */,
			);
			sourceTree = "<group>";
		};
		4F365AD82884560300B88BCB /* Products */ = {
			isa = PBXGroup;
			children = (
				4F365AD72884560300B88BCB /* QuizApp.app */,
				4F365AED2884560500B88BCB /* QuizAppTests.xctest */,
			);
			name = Products;
			sourceTree = "<group>";
		};
		4F365AD92884560300B88BCB /* QuizApp */ = {
			isa = PBXGroup;
			children = (
				4F2BCC6528BF456400308857 /* Scoring */,
				4F81D7E42887DBC5000C8085 /* Main */,
				4F81D7E92887DC16000C8085 /* Presentation */,
				4F6410CA289D8FFA00E0EFB4 /* Routing */,
				4FCEB31D28AD243E00AA03E5 /* UI */,
			);
			path = QuizApp;
			sourceTree = "<group>";
		};
		4F365AF02884560500B88BCB /* QuizAppTests */ = {
			isa = PBXGroup;
			children = (
				4F2BCC6828BF479700308857 /* Scoring */,
				4F89444728870392007EC21B /* Helpers */,
				4FCEB32628AD26A200AA03E5 /* Main */,
				4FCEB32828AD26BC00AA03E5 /* Presentation */,
				4FCEB32728AD26B000AA03E5 /* Routing */,
				4FCEB32B28AD26DC00AA03E5 /* UI */,
			);
			path = QuizAppTests;
			sourceTree = "<group>";
		};
		4F436C93288C48EA00BCA67D /* Frameworks */ = {
			isa = PBXGroup;
			children = (
				4F436C94288C48EA00BCA67D /* QuizEngine.framework */,
			);
			name = Frameworks;
			sourceTree = "<group>";
		};
		4F6410CA289D8FFA00E0EFB4 /* Routing */ = {
			isa = PBXGroup;
			children = (
				4F436C9A288C4A9D00BCA67D /* NavigationControllerRouter.swift */,
				4F188D8428A79B9700CF7DC6 /* ViewControllerFactory.swift */,
			);
			path = Routing;
			sourceTree = "<group>";
		};
		4F7D59B028DB0A6400121BA8 /* UIKit */ = {
			isa = PBXGroup;
			children = (
				4FCEB32E28AD26EC00AA03E5 /* Results */,
				4FCEB32C28AD26DF00AA03E5 /* Question */,
			);
			path = UIKit;
			sourceTree = "<group>";
		};
		4F7D59B428DB0AA100121BA8 /* UIKit */ = {
			isa = PBXGroup;
			children = (
				4F81D7EC28882C41000C8085 /* Helpers */,
				4FCEB32228AD25BA00AA03E5 /* Launch */,
				4FCEB31E28AD24F200AA03E5 /* Question */,
				4FCEB31F28AD24F600AA03E5 /* Result */,
			);
			path = UIKit;
			sourceTree = "<group>";
		};
		4F7D59B528DB0AA800121BA8 /* SwiftUI */ = {
			isa = PBXGroup;
			children = (
			);
			path = SwiftUI;
			sourceTree = "<group>";
		};
		4F81D7E22887DBBE000C8085 /* Controllers */ = {
			isa = PBXGroup;
			children = (
				4F365B0A288457A600B88BCB /* QuestionViewController.swift */,
			);
			path = Controllers;
			sourceTree = "<group>";
		};
		4F81D7E42887DBC5000C8085 /* Main */ = {
			isa = PBXGroup;
			children = (
				4F0F63AB28AA701300EA0A08 /* Factory */,
				4F365ADA2884560300B88BCB /* AppDelegate.swift */,
				4F365ADC2884560300B88BCB /* SceneDelegate.swift */,
				4F365AE82884560500B88BCB /* Info.plist */,
				4F365AE32884560500B88BCB /* Assets.xcassets */,
			);
			path = Main;
			sourceTree = "<group>";
		};
		4F81D7E92887DC16000C8085 /* Presentation */ = {
			isa = PBXGroup;
			children = (
				4FCEB32428AD266200AA03E5 /* Question */,
				4FCEB32528AD266D00AA03E5 /* Results */,
			);
			path = Presentation;
			sourceTree = "<group>";
		};
		4F81D7EC28882C41000C8085 /* Helpers */ = {
			isa = PBXGroup;
			children = (
				4F81D7ED28882C55000C8085 /* UITableViewExtensions.swift */,
			);
			path = Helpers;
			sourceTree = "<group>";
		};
		4F89444728870392007EC21B /* Helpers */ = {
			isa = PBXGroup;
			children = (
				4F8944482887039D007EC21B /* TestHelpers.swift */,
			);
			path = Helpers;
			sourceTree = "<group>";
		};
		4FCEB31D28AD243E00AA03E5 /* UI */ = {
			isa = PBXGroup;
			children = (
				4F7D59B528DB0AA800121BA8 /* SwiftUI */,
				4F7D59B428DB0AA100121BA8 /* UIKit */,
			);
			path = UI;
			sourceTree = "<group>";
		};
		4FCEB31E28AD24F200AA03E5 /* Question */ = {
			isa = PBXGroup;
			children = (
				4FCEB32328AD25DA00AA03E5 /* Cells */,
				4F81D7E22887DBBE000C8085 /* Controllers */,
			);
			path = Question;
			sourceTree = "<group>";
		};
		4FCEB31F28AD24F600AA03E5 /* Result */ = {
			isa = PBXGroup;
			children = (
				4FCEB32028AD250800AA03E5 /* Controllers */,
				4FCEB32128AD250D00AA03E5 /* Cells */,
			);
			path = Result;
			sourceTree = "<group>";
		};
		4FCEB32028AD250800AA03E5 /* Controllers */ = {
			isa = PBXGroup;
			children = (
				4F8944452886FE50007EC21B /* ResultsViewController.swift */,
			);
			path = Controllers;
			sourceTree = "<group>";
		};
		4FCEB32128AD250D00AA03E5 /* Cells */ = {
			isa = PBXGroup;
			children = (
				4F81D7E52887DBE9000C8085 /* CorrectAnswerCell.swift */,
				4F81D7E72887DC02000C8085 /* WrongAnswerCell.swift */,
				4F81D7F1288851C0000C8085 /* ResultsTableHeader.swift */,
			);
			path = Cells;
			sourceTree = "<group>";
		};
		4FCEB32228AD25BA00AA03E5 /* Launch */ = {
			isa = PBXGroup;
			children = (
				4F365AE52884560500B88BCB /* LaunchScreen.storyboard */,
			);
			path = Launch;
			sourceTree = "<group>";
		};
		4FCEB32328AD25DA00AA03E5 /* Cells */ = {
			isa = PBXGroup;
			children = (
				4F81D7EF28884879000C8085 /* QuestionTableHeader.swift */,
			);
			path = Cells;
			sourceTree = "<group>";
		};
		4FCEB32428AD266200AA03E5 /* Question */ = {
			isa = PBXGroup;
			children = (
				4F9F60C528A974200074F782 /* QuestionPresenter.swift */,
			);
			path = Question;
			sourceTree = "<group>";
		};
		4FCEB32528AD266D00AA03E5 /* Results */ = {
			isa = PBXGroup;
			children = (
				4F1A652A28A7E1E10071C6D4 /* ResultsPresenter.swift */,
				4F81D7EA2887DC20000C8085 /* PresentableAnswer.swift */,
			);
			path = Results;
			sourceTree = "<group>";
		};
		4FCEB32628AD26A200AA03E5 /* Main */ = {
			isa = PBXGroup;
			children = (
				4F188D8628A79C1300CF7DC6 /* iOSViewControllerFactoryTests.swift */,
			);
			path = Main;
			sourceTree = "<group>";
		};
		4FCEB32728AD26B000AA03E5 /* Routing */ = {
			isa = PBXGroup;
			children = (
				4F436C98288C49AF00BCA67D /* NavigationControllerRouterTests.swift */,
			);
			path = Routing;
			sourceTree = "<group>";
		};
		4FCEB32828AD26BC00AA03E5 /* Presentation */ = {
			isa = PBXGroup;
			children = (
				4FCEB32A28AD26C800AA03E5 /* Results */,
				4FCEB32928AD26C400AA03E5 /* Question */,
			);
			path = Presentation;
			sourceTree = "<group>";
		};
		4FCEB32928AD26C400AA03E5 /* Question */ = {
			isa = PBXGroup;
			children = (
				4F9F60C328A973720074F782 /* QuestionPresenterTests.swift */,
			);
			path = Question;
			sourceTree = "<group>";
		};
		4FCEB32A28AD26C800AA03E5 /* Results */ = {
			isa = PBXGroup;
			children = (
				4F1A652628A7DCD50071C6D4 /* ResultsPresenterTests.swift */,
			);
			path = Results;
			sourceTree = "<group>";
		};
		4FCEB32B28AD26DC00AA03E5 /* UI */ = {
			isa = PBXGroup;
			children = (
				4F7D59B028DB0A6400121BA8 /* UIKit */,
			);
			path = UI;
			sourceTree = "<group>";
		};
		4FCEB32C28AD26DF00AA03E5 /* Question */ = {
			isa = PBXGroup;
			children = (
				4F365AF12884560500B88BCB /* QuestionViewControllerTests.swift */,
			);
			path = Question;
			sourceTree = "<group>";
		};
		4FCEB32E28AD26EC00AA03E5 /* Results */ = {
			isa = PBXGroup;
			children = (
				4F8944432886FD3B007EC21B /* ResultsViewControllerTests.swift */,
			);
			path = Results;
			sourceTree = "<group>";
		};
/* End PBXGroup section */

/* Begin PBXNativeTarget section */
		4F365AD62884560300B88BCB /* QuizApp */ = {
			isa = PBXNativeTarget;
			buildConfigurationList = 4F365B012884560500B88BCB /* Build configuration list for PBXNativeTarget "QuizApp" */;
			buildPhases = (
				4F365AD32884560300B88BCB /* Sources */,
				4F365AD42884560300B88BCB /* Frameworks */,
				4F365AD52884560300B88BCB /* Resources */,
				4F436C97288C48EA00BCA67D /* Embed Frameworks */,
			);
			buildRules = (
			);
			dependencies = (
			);
			name = QuizApp;
			productName = QuizApp;
			productReference = 4F365AD72884560300B88BCB /* QuizApp.app */;
			productType = "com.apple.product-type.application";
		};
		4F365AEC2884560500B88BCB /* QuizAppTests */ = {
			isa = PBXNativeTarget;
			buildConfigurationList = 4F365B042884560500B88BCB /* Build configuration list for PBXNativeTarget "QuizAppTests" */;
			buildPhases = (
				4F365AE92884560500B88BCB /* Sources */,
				4F365AEA2884560500B88BCB /* Frameworks */,
				4F365AEB2884560500B88BCB /* Resources */,
			);
			buildRules = (
			);
			dependencies = (
				4F365AEF2884560500B88BCB /* PBXTargetDependency */,
			);
			name = QuizAppTests;
			productName = QuizAppTests;
			productReference = 4F365AED2884560500B88BCB /* QuizAppTests.xctest */;
			productType = "com.apple.product-type.bundle.unit-test";
		};
/* End PBXNativeTarget section */

/* Begin PBXProject section */
		4F365ACF2884560300B88BCB /* Project object */ = {
			isa = PBXProject;
			attributes = {
				BuildIndependentTargetsInParallel = 1;
				LastSwiftUpdateCheck = 1340;
				LastUpgradeCheck = 1340;
				TargetAttributes = {
					4F365AD62884560300B88BCB = {
						CreatedOnToolsVersion = 13.4.1;
					};
					4F365AEC2884560500B88BCB = {
						CreatedOnToolsVersion = 13.4.1;
						TestTargetID = 4F365AD62884560300B88BCB;
					};
				};
			};
			buildConfigurationList = 4F365AD22884560300B88BCB /* Build configuration list for PBXProject "QuizApp" */;
			compatibilityVersion = "Xcode 13.0";
			developmentRegion = en;
			hasScannedForEncodings = 0;
			knownRegions = (
				en,
				Base,
			);
			mainGroup = 4F365ACE2884560300B88BCB;
			productRefGroup = 4F365AD82884560300B88BCB /* Products */;
			projectDirPath = "";
			projectRoot = "";
			targets = (
				4F365AD62884560300B88BCB /* QuizApp */,
				4F365AEC2884560500B88BCB /* QuizAppTests */,
			);
		};
/* End PBXProject section */

/* Begin PBXResourcesBuildPhase section */
		4F365AD52884560300B88BCB /* Resources */ = {
			isa = PBXResourcesBuildPhase;
			buildActionMask = 2147483647;
			files = (
				4F365AE72884560500B88BCB /* LaunchScreen.storyboard in Resources */,
				4F365AE42884560500B88BCB /* Assets.xcassets in Resources */,
			);
			runOnlyForDeploymentPostprocessing = 0;
		};
		4F365AEB2884560500B88BCB /* Resources */ = {
			isa = PBXResourcesBuildPhase;
			buildActionMask = 2147483647;
			files = (
			);
			runOnlyForDeploymentPostprocessing = 0;
		};
/* End PBXResourcesBuildPhase section */

/* Begin PBXSourcesBuildPhase section */
		4F365AD32884560300B88BCB /* Sources */ = {
			isa = PBXSourcesBuildPhase;
			buildActionMask = 2147483647;
			files = (
				4F365ADB2884560300B88BCB /* AppDelegate.swift in Sources */,
				4F365ADD2884560300B88BCB /* SceneDelegate.swift in Sources */,
				4F9F60C628A974200074F782 /* QuestionPresenter.swift in Sources */,
				4F81D7E62887DBE9000C8085 /* CorrectAnswerCell.swift in Sources */,
				4F81D7EB2887DC20000C8085 /* PresentableAnswer.swift in Sources */,
				4F81D7F2288851C0000C8085 /* ResultsTableHeader.swift in Sources */,
				4F188D8528A79B9700CF7DC6 /* ViewControllerFactory.swift in Sources */,
				4F1A652B28A7E1E10071C6D4 /* ResultsPresenter.swift in Sources */,
				4F81D7E82887DC02000C8085 /* WrongAnswerCell.swift in Sources */,
				4F2BCC6728BF456F00308857 /* BasicScore.swift in Sources */,
				4F365B0B288457A600B88BCB /* QuestionViewController.swift in Sources */,
				4F81D7F028884879000C8085 /* QuestionTableHeader.swift in Sources */,
				4F8944462886FE50007EC21B /* ResultsViewController.swift in Sources */,
				4F188D8928A79CF400CF7DC6 /* iOSViewControllerFactory.swift in Sources */,
				4F436C9B288C4A9D00BCA67D /* NavigationControllerRouter.swift in Sources */,
				4F81D7EE28882C55000C8085 /* UITableViewExtensions.swift in Sources */,
			);
			runOnlyForDeploymentPostprocessing = 0;
		};
		4F365AE92884560500B88BCB /* Sources */ = {
			isa = PBXSourcesBuildPhase;
			buildActionMask = 2147483647;
			files = (
				4F436C99288C49AF00BCA67D /* NavigationControllerRouterTests.swift in Sources */,
				4F8944492887039D007EC21B /* TestHelpers.swift in Sources */,
				4F2BCC6E28BF47D600308857 /* ScoreTests.swift in Sources */,
				4F9F60C428A973720074F782 /* QuestionPresenterTests.swift in Sources */,
				4F188D8728A79C1300CF7DC6 /* iOSViewControllerFactoryTests.swift in Sources */,
				4F8944442886FD3B007EC21B /* ResultsViewControllerTests.swift in Sources */,
				4F1A652728A7DCD50071C6D4 /* ResultsPresenterTests.swift in Sources */,
				4F365AF22884560500B88BCB /* QuestionViewControllerTests.swift in Sources */,
			);
			runOnlyForDeploymentPostprocessing = 0;
		};
/* End PBXSourcesBuildPhase section */

/* Begin PBXTargetDependency section */
		4F365AEF2884560500B88BCB /* PBXTargetDependency */ = {
			isa = PBXTargetDependency;
			target = 4F365AD62884560300B88BCB /* QuizApp */;
			targetProxy = 4F365AEE2884560500B88BCB /* PBXContainerItemProxy */;
		};
/* End PBXTargetDependency section */

/* Begin PBXVariantGroup section */
		4F365AE52884560500B88BCB /* LaunchScreen.storyboard */ = {
			isa = PBXVariantGroup;
			children = (
				4F365AE62884560500B88BCB /* Base */,
			);
			name = LaunchScreen.storyboard;
			sourceTree = "<group>";
		};
/* End PBXVariantGroup section */

/* Begin XCBuildConfiguration section */
		4F365AFF2884560500B88BCB /* Debug */ = {
			isa = XCBuildConfiguration;
			buildSettings = {
				ALWAYS_SEARCH_USER_PATHS = NO;
				CLANG_ANALYZER_NONNULL = YES;
				CLANG_ANALYZER_NUMBER_OBJECT_CONVERSION = YES_AGGRESSIVE;
				CLANG_CXX_LANGUAGE_STANDARD = "gnu++17";
				CLANG_ENABLE_MODULES = YES;
				CLANG_ENABLE_OBJC_ARC = YES;
				CLANG_ENABLE_OBJC_WEAK = YES;
				CLANG_WARN_BLOCK_CAPTURE_AUTORELEASING = YES;
				CLANG_WARN_BOOL_CONVERSION = YES;
				CLANG_WARN_COMMA = YES;
				CLANG_WARN_CONSTANT_CONVERSION = YES;
				CLANG_WARN_DEPRECATED_OBJC_IMPLEMENTATIONS = YES;
				CLANG_WARN_DIRECT_OBJC_ISA_USAGE = YES_ERROR;
				CLANG_WARN_DOCUMENTATION_COMMENTS = YES;
				CLANG_WARN_EMPTY_BODY = YES;
				CLANG_WARN_ENUM_CONVERSION = YES;
				CLANG_WARN_INFINITE_RECURSION = YES;
				CLANG_WARN_INT_CONVERSION = YES;
				CLANG_WARN_NON_LITERAL_NULL_CONVERSION = YES;
				CLANG_WARN_OBJC_IMPLICIT_RETAIN_SELF = YES;
				CLANG_WARN_OBJC_LITERAL_CONVERSION = YES;
				CLANG_WARN_OBJC_ROOT_CLASS = YES_ERROR;
				CLANG_WARN_QUOTED_INCLUDE_IN_FRAMEWORK_HEADER = YES;
				CLANG_WARN_RANGE_LOOP_ANALYSIS = YES;
				CLANG_WARN_STRICT_PROTOTYPES = YES;
				CLANG_WARN_SUSPICIOUS_MOVE = YES;
				CLANG_WARN_UNGUARDED_AVAILABILITY = YES_AGGRESSIVE;
				CLANG_WARN_UNREACHABLE_CODE = YES;
				CLANG_WARN__DUPLICATE_METHOD_MATCH = YES;
				COPY_PHASE_STRIP = NO;
				DEBUG_INFORMATION_FORMAT = dwarf;
				ENABLE_STRICT_OBJC_MSGSEND = YES;
				ENABLE_TESTABILITY = YES;
				GCC_C_LANGUAGE_STANDARD = gnu11;
				GCC_DYNAMIC_NO_PIC = NO;
				GCC_NO_COMMON_BLOCKS = YES;
				GCC_OPTIMIZATION_LEVEL = 0;
				GCC_PREPROCESSOR_DEFINITIONS = (
					"DEBUG=1",
					"$(inherited)",
				);
				GCC_WARN_64_TO_32_BIT_CONVERSION = YES;
				GCC_WARN_ABOUT_RETURN_TYPE = YES_ERROR;
				GCC_WARN_UNDECLARED_SELECTOR = YES;
				GCC_WARN_UNINITIALIZED_AUTOS = YES_AGGRESSIVE;
				GCC_WARN_UNUSED_FUNCTION = YES;
				GCC_WARN_UNUSED_VARIABLE = YES;
				IPHONEOS_DEPLOYMENT_TARGET = 15.5;
				MTL_ENABLE_DEBUG_INFO = INCLUDE_SOURCE;
				MTL_FAST_MATH = YES;
				ONLY_ACTIVE_ARCH = YES;
				SDKROOT = iphoneos;
				SWIFT_ACTIVE_COMPILATION_CONDITIONS = DEBUG;
				SWIFT_OPTIMIZATION_LEVEL = "-Onone";
			};
			name = Debug;
		};
		4F365B002884560500B88BCB /* Release */ = {
			isa = XCBuildConfiguration;
			buildSettings = {
				ALWAYS_SEARCH_USER_PATHS = NO;
				CLANG_ANALYZER_NONNULL = YES;
				CLANG_ANALYZER_NUMBER_OBJECT_CONVERSION = YES_AGGRESSIVE;
				CLANG_CXX_LANGUAGE_STANDARD = "gnu++17";
				CLANG_ENABLE_MODULES = YES;
				CLANG_ENABLE_OBJC_ARC = YES;
				CLANG_ENABLE_OBJC_WEAK = YES;
				CLANG_WARN_BLOCK_CAPTURE_AUTORELEASING = YES;
				CLANG_WARN_BOOL_CONVERSION = YES;
				CLANG_WARN_COMMA = YES;
				CLANG_WARN_CONSTANT_CONVERSION = YES;
				CLANG_WARN_DEPRECATED_OBJC_IMPLEMENTATIONS = YES;
				CLANG_WARN_DIRECT_OBJC_ISA_USAGE = YES_ERROR;
				CLANG_WARN_DOCUMENTATION_COMMENTS = YES;
				CLANG_WARN_EMPTY_BODY = YES;
				CLANG_WARN_ENUM_CONVERSION = YES;
				CLANG_WARN_INFINITE_RECURSION = YES;
				CLANG_WARN_INT_CONVERSION = YES;
				CLANG_WARN_NON_LITERAL_NULL_CONVERSION = YES;
				CLANG_WARN_OBJC_IMPLICIT_RETAIN_SELF = YES;
				CLANG_WARN_OBJC_LITERAL_CONVERSION = YES;
				CLANG_WARN_OBJC_ROOT_CLASS = YES_ERROR;
				CLANG_WARN_QUOTED_INCLUDE_IN_FRAMEWORK_HEADER = YES;
				CLANG_WARN_RANGE_LOOP_ANALYSIS = YES;
				CLANG_WARN_STRICT_PROTOTYPES = YES;
				CLANG_WARN_SUSPICIOUS_MOVE = YES;
				CLANG_WARN_UNGUARDED_AVAILABILITY = YES_AGGRESSIVE;
				CLANG_WARN_UNREACHABLE_CODE = YES;
				CLANG_WARN__DUPLICATE_METHOD_MATCH = YES;
				COPY_PHASE_STRIP = NO;
				DEBUG_INFORMATION_FORMAT = "dwarf-with-dsym";
				ENABLE_NS_ASSERTIONS = NO;
				ENABLE_STRICT_OBJC_MSGSEND = YES;
				GCC_C_LANGUAGE_STANDARD = gnu11;
				GCC_NO_COMMON_BLOCKS = YES;
				GCC_WARN_64_TO_32_BIT_CONVERSION = YES;
				GCC_WARN_ABOUT_RETURN_TYPE = YES_ERROR;
				GCC_WARN_UNDECLARED_SELECTOR = YES;
				GCC_WARN_UNINITIALIZED_AUTOS = YES_AGGRESSIVE;
				GCC_WARN_UNUSED_FUNCTION = YES;
				GCC_WARN_UNUSED_VARIABLE = YES;
				IPHONEOS_DEPLOYMENT_TARGET = 15.5;
				MTL_ENABLE_DEBUG_INFO = NO;
				MTL_FAST_MATH = YES;
				SDKROOT = iphoneos;
				SWIFT_COMPILATION_MODE = wholemodule;
				SWIFT_OPTIMIZATION_LEVEL = "-O";
				VALIDATE_PRODUCT = YES;
			};
			name = Release;
		};
		4F365B022884560500B88BCB /* Debug */ = {
			isa = XCBuildConfiguration;
			buildSettings = {
				ASSETCATALOG_COMPILER_APPICON_NAME = AppIcon;
				ASSETCATALOG_COMPILER_GLOBAL_ACCENT_COLOR_NAME = AccentColor;
				CODE_SIGN_STYLE = Automatic;
				CURRENT_PROJECT_VERSION = 1;
				DEVELOPMENT_TEAM = 5YJ9NPM7MQ;
				GENERATE_INFOPLIST_FILE = YES;
				INFOPLIST_FILE = QuizApp/Main/Info.plist;
				INFOPLIST_KEY_UIApplicationSupportsIndirectInputEvents = YES;
				INFOPLIST_KEY_UILaunchStoryboardName = LaunchScreen;
				INFOPLIST_KEY_UISupportedInterfaceOrientations_iPad = "UIInterfaceOrientationPortrait UIInterfaceOrientationPortraitUpsideDown UIInterfaceOrientationLandscapeLeft UIInterfaceOrientationLandscapeRight";
				INFOPLIST_KEY_UISupportedInterfaceOrientations_iPhone = "UIInterfaceOrientationPortrait UIInterfaceOrientationLandscapeLeft UIInterfaceOrientationLandscapeRight";
				LD_RUNPATH_SEARCH_PATHS = (
					"$(inherited)",
					"@executable_path/Frameworks",
				);
				MARKETING_VERSION = 1.0;
				PRODUCT_BUNDLE_IDENTIFIER = com.fenominall.QuizApp;
				PRODUCT_NAME = "$(TARGET_NAME)";
				SWIFT_EMIT_LOC_STRINGS = YES;
				SWIFT_VERSION = 5.0;
				TARGETED_DEVICE_FAMILY = "1,2";
			};
			name = Debug;
		};
		4F365B032884560500B88BCB /* Release */ = {
			isa = XCBuildConfiguration;
			buildSettings = {
				ASSETCATALOG_COMPILER_APPICON_NAME = AppIcon;
				ASSETCATALOG_COMPILER_GLOBAL_ACCENT_COLOR_NAME = AccentColor;
				CODE_SIGN_STYLE = Automatic;
				CURRENT_PROJECT_VERSION = 1;
				DEVELOPMENT_TEAM = 5YJ9NPM7MQ;
				GENERATE_INFOPLIST_FILE = YES;
				INFOPLIST_FILE = QuizApp/Main/Info.plist;
				INFOPLIST_KEY_UIApplicationSupportsIndirectInputEvents = YES;
				INFOPLIST_KEY_UILaunchStoryboardName = LaunchScreen;
				INFOPLIST_KEY_UISupportedInterfaceOrientations_iPad = "UIInterfaceOrientationPortrait UIInterfaceOrientationPortraitUpsideDown UIInterfaceOrientationLandscapeLeft UIInterfaceOrientationLandscapeRight";
				INFOPLIST_KEY_UISupportedInterfaceOrientations_iPhone = "UIInterfaceOrientationPortrait UIInterfaceOrientationLandscapeLeft UIInterfaceOrientationLandscapeRight";
				LD_RUNPATH_SEARCH_PATHS = (
					"$(inherited)",
					"@executable_path/Frameworks",
				);
				MARKETING_VERSION = 1.0;
				PRODUCT_BUNDLE_IDENTIFIER = com.fenominall.QuizApp;
				PRODUCT_NAME = "$(TARGET_NAME)";
				SWIFT_EMIT_LOC_STRINGS = YES;
				SWIFT_VERSION = 5.0;
				TARGETED_DEVICE_FAMILY = "1,2";
			};
			name = Release;
		};
		4F365B052884560500B88BCB /* Debug */ = {
			isa = XCBuildConfiguration;
			buildSettings = {
				ALWAYS_EMBED_SWIFT_STANDARD_LIBRARIES = YES;
				BUNDLE_LOADER = "$(TEST_HOST)";
				CODE_SIGN_STYLE = Automatic;
				CURRENT_PROJECT_VERSION = 1;
				DEVELOPMENT_TEAM = 5YJ9NPM7MQ;
				GENERATE_INFOPLIST_FILE = YES;
				IPHONEOS_DEPLOYMENT_TARGET = 15.5;
				MARKETING_VERSION = 1.0;
				PRODUCT_BUNDLE_IDENTIFIER = com.fenominall.QuizAppTests;
				PRODUCT_NAME = "$(TARGET_NAME)";
				SWIFT_EMIT_LOC_STRINGS = NO;
				SWIFT_VERSION = 5.0;
				TARGETED_DEVICE_FAMILY = "1,2";
				TEST_HOST = "$(BUILT_PRODUCTS_DIR)/QuizApp.app/QuizApp";
			};
			name = Debug;
		};
		4F365B062884560500B88BCB /* Release */ = {
			isa = XCBuildConfiguration;
			buildSettings = {
				ALWAYS_EMBED_SWIFT_STANDARD_LIBRARIES = YES;
				BUNDLE_LOADER = "$(TEST_HOST)";
				CODE_SIGN_STYLE = Automatic;
				CURRENT_PROJECT_VERSION = 1;
				DEVELOPMENT_TEAM = 5YJ9NPM7MQ;
				GENERATE_INFOPLIST_FILE = YES;
				IPHONEOS_DEPLOYMENT_TARGET = 15.5;
				MARKETING_VERSION = 1.0;
				PRODUCT_BUNDLE_IDENTIFIER = com.fenominall.QuizAppTests;
				PRODUCT_NAME = "$(TARGET_NAME)";
				SWIFT_EMIT_LOC_STRINGS = NO;
				SWIFT_VERSION = 5.0;
				TARGETED_DEVICE_FAMILY = "1,2";
				TEST_HOST = "$(BUILT_PRODUCTS_DIR)/QuizApp.app/QuizApp";
			};
			name = Release;
		};
/* End XCBuildConfiguration section */

/* Begin XCConfigurationList section */
		4F365AD22884560300B88BCB /* Build configuration list for PBXProject "QuizApp" */ = {
			isa = XCConfigurationList;
			buildConfigurations = (
				4F365AFF2884560500B88BCB /* Debug */,
				4F365B002884560500B88BCB /* Release */,
			);
			defaultConfigurationIsVisible = 0;
			defaultConfigurationName = Release;
		};
		4F365B012884560500B88BCB /* Build configuration list for PBXNativeTarget "QuizApp" */ = {
			isa = XCConfigurationList;
			buildConfigurations = (
				4F365B022884560500B88BCB /* Debug */,
				4F365B032884560500B88BCB /* Release */,
			);
			defaultConfigurationIsVisible = 0;
			defaultConfigurationName = Release;
		};
		4F365B042884560500B88BCB /* Build configuration list for PBXNativeTarget "QuizAppTests" */ = {
			isa = XCConfigurationList;
			buildConfigurations = (
				4F365B052884560500B88BCB /* Debug */,
				4F365B062884560500B88BCB /* Release */,
			);
			defaultConfigurationIsVisible = 0;
			defaultConfigurationName = Release;
		};
/* End XCConfigurationList section */
	};
	rootObject = 4F365ACF2884560300B88BCB /* Project object */;
}
